
Microsoft Visual Studio Solution File, Format Version 12.00
# Visual Studio Version 17
VisualStudioVersion = 17.10.34928.147
MinimumVisualStudioVersion = 10.0.40219.1
Project("{FAE04EC0-301F-11D3-BF4B-00C04F79EFBC}") = "ProjectPSD", "ProjectPSD\ProjectPSD.csproj", "{2771F7D7-481C-4371-9A22-EE99ED407C80}"
EndProject
Global
	GlobalSection(SolutionConfigurationPlatforms) = preSolution
		Debug|Any CPU = Debug|Any CPU
		Release|Any CPU = Release|Any CPU
	EndGlobalSection
	GlobalSection(ProjectConfigurationPlatforms) = postSolution
		{2771F7D7-481C-4371-9A22-EE99ED407C80}.Debug|Any CPU.ActiveCfg = Debug|Any CPU
		{2771F7D7-481C-4371-9A22-EE99ED407C80}.Debug|Any CPU.Build.0 = Debug|Any CPU
		{2771F7D7-481C-4371-9A22-EE99ED407C80}.Release|Any CPU.ActiveCfg = Release|Any CPU
		{2771F7D7-481C-4371-9A22-EE99ED407C80}.Release|Any CPU.Build.0 = Release|Any CPU
	EndGlobalSection
	GlobalSection(SolutionProperties) = preSolution
		HideSolutionNode = FALSE
	EndGlobalSection
	GlobalSection(ExtensibilityGlobals) = postSolution
		SolutionGuid = {AAE71E1E-EE70-478E-8822-66D9D24ACD25}
	EndGlobalSection
EndGlobal
